<?xml version="1.0" encoding="utf-8"?>
<Project ToolsVersion="4.0" xmlns="http://schemas.microsoft.com/developer/msbuild/2003">
  <ItemGroup>
    <ClCompile Include="15-Caustics.cpp" />
  </ItemGroup>
  <ItemGroup>
    <ClInclude Include="15-Caustics.h" />
  </ItemGroup>
  <ItemGroup>
    <Filter Include="Data">
      <UniqueIdentifier>{436774c0-a27b-479f-92ae-24cd042a9117}</UniqueIdentifier>
    </Filter>
  </ItemGroup>
</Project>